{
    "version": 3,
    "terraform_version": "0.9.8",
    "serial": 22,
    "lineage": "77b47b3d-93de-4d37-9fe4-6c5546cee351",
    "modules": [
        {
            "path": [
                "root"
            ],
            "outputs": {},
            "resources": {},
            "depends_on": []
        },
        {
            "path": [
                "root",
                "instance"
            ],
            "outputs": {
                "instance_address": {
                    "sensitive": false,
                    "type": "string",
                    "value": "10.10.10.17"
                },
                "instance_identifier": {
                    "sensitive": false,
                    "type": "string",
                    "value": "9b41ab84-2fd3-4603-b8b5-5f844d61172d"
                }
            },
            "resources": {
                "null_resource.GitLabProvision": {
                    "type": "null_resource",
                    "depends_on": [
                        "openstack_compute_instance_v2.instance"
                    ],
                    "primary": {
                        "id": "3174683702981737796",
                        "attributes": {
                            "id": "3174683702981737796"
                        },
                        "meta": {},
                        "tainted": true
                    },
                    "deposed": [],
                    "provider": ""
                },
                "openstack_compute_instance_v2.instance": {
                    "type": "openstack_compute_instance_v2",
                    "depends_on": [],
                    "primary": {
                        "id": "9b41ab84-2fd3-4603-b8b5-5f844d61172d",
                        "attributes": {
                            "access_ip_v4": "10.10.10.17",
                            "access_ip_v6": "",
                            "all_metadata.%": "1",
                            "all_metadata.demo": "metadata",
                            "availability_zone": "nova",
                            "flavor_id": "cf7d8942-5194-4c9d-a733-ff97056abcc5",
                            "flavor_name": "Mini",
                            "force_delete": "true",
                            "id": "9b41ab84-2fd3-4603-b8b5-5f844d61172d",
                            "image_id": "e5d84d49-25d2-4848-9643-8bd1fc181245",
                            "image_name": "cent",
                            "metadata.%": "1",
                            "metadata.demo": "metadata",
                            "name": "Zabbix-0",
                            "network.#": "1",
                            "network.0.access_network": "false",
                            "network.0.fixed_ip_v4": "10.10.10.17",
                            "network.0.fixed_ip_v6": "",
                            "network.0.floating_ip": "",
                            "network.0.mac": "fa:16:3e:ba:2d:80",
                            "network.0.name": "internal",
                            "network.0.port": "",
                            "network.0.uuid": "06cef52b-2f6e-4636-86d4-0a3e525ef58b",
                            "region": "RegionOne",
                            "security_groups.#": "1",
                            "security_groups.3814588639": "default",
                            "stop_before_destroy": "false",
                            "volume.#": "0"
                        },
                        "meta": {
                            "e2bfb730-ecaa-11e6-8f88-34363bc7c4c0": {
                                "create": 1800000000000,
                                "delete": 1800000000000,
                                "update": 1800000000000
                            }
                        },
                        "tainted": false
                    },
                    "deposed": [],
                    "provider": ""
                }
            },
            "depends_on": []
        },
        {
            "path": [
                "root",
                "keypair"
            ],
            "outputs": {},
            "resources": {},
            "depends_on": []
        }
    ]
}
