{
    "version": 3,
    "terraform_version": "0.9.8",
    "serial": 5,
    "lineage": "f124a722-bfb9-4c9b-b8cb-6cad27a4aa60",
    "modules": [
        {
            "path": [
                "root"
            ],
            "outputs": {},
            "resources": {},
            "depends_on": []
        },
        {
            "path": [
                "root",
                "instance"
            ],
            "outputs": {},
            "resources": {
                "openstack_compute_instance_v2.instance": {
                    "type": "openstack_compute_instance_v2",
                    "depends_on": [],
                    "primary": {
                        "id": "af4d77f7-1a08-4bfb-965c-b0e59e28ee12",
                        "attributes": {
                            "access_ip_v4": "192.168.103.133",
                            "access_ip_v6": "",
                            "all_metadata.%": "1",
                            "all_metadata.demo": "metadata",
                            "availability_zone": "nova",
                            "block_device.#": "1",
                            "block_device.0.boot_index": "0",
                            "block_device.0.delete_on_termination": "false",
                            "block_device.0.destination_type": "volume",
                            "block_device.0.guest_format": "",
                            "block_device.0.source_type": "volume",
                            "block_device.0.uuid": "c4843025-bcef-4b49-9ae9-a293f29e162f",
                            "block_device.0.volume_size": "15",
                            "flavor_id": "0984f66e-b34f-4af9-bcf4-89a1637f0add",
                            "flavor_name": "CentOS7",
                            "force_delete": "true",
                            "id": "af4d77f7-1a08-4bfb-965c-b0e59e28ee12",
                            "image_id": "Attempt to boot from volume - no image supplied",
                            "image_name": "CentOS7-installed1",
                            "key_pair": "my_key_pair",
                            "metadata.%": "1",
                            "metadata.demo": "metadata",
                            "name": "GitLab",
                            "network.#": "1",
                            "network.0.access_network": "false",
                            "network.0.fixed_ip_v4": "192.168.103.133",
                            "network.0.fixed_ip_v6": "",
                            "network.0.floating_ip": "",
                            "network.0.mac": "fa:16:3e:6e:67:9a",
                            "network.0.name": "linuxtopic-external",
                            "network.0.port": "",
                            "network.0.uuid": "36f5a149-1547-4ac0-8c29-f5d4083826d0",
                            "region": "RegionOne",
                            "security_groups.#": "1",
                            "security_groups.3814588639": "default",
                            "stop_before_destroy": "false",
                            "volume.#": "0"
                        },
                        "meta": {
                            "e2bfb730-ecaa-11e6-8f88-34363bc7c4c0": {
                                "create": 1800000000000,
                                "delete": 1800000000000,
                                "update": 1800000000000
                            }
                        },
                        "tainted": false
                    },
                    "deposed": [],
                    "provider": ""
                }
            },
            "depends_on": []
        },
        {
            "path": [
                "root",
                "keypair"
            ],
            "outputs": {
                "keypair_name_value": {
                    "sensitive": false,
                    "type": "string",
                    "value": "my_key_pair"
                }
            },
            "resources": {
                "openstack_compute_keypair_v2.my_key_pair": {
                    "type": "openstack_compute_keypair_v2",
                    "depends_on": [],
                    "primary": {
                        "id": "my_key_pair",
                        "attributes": {
                            "id": "my_key_pair",
                            "name": "my_key_pair",
                            "public_key": "ssh-rsa AAAAB3NzaC1yc2EAAAADAQABAAABAQCVW3mTudeThPKc2JykMp3nvL0bNNIzuYfxitkJoLWsCHPw2DgcBgixbefQtkoy+UcKTXk5rgsRy1y2NsbbVgUFRoN/vu6ilUEtzTs++gGg2UA/rnO2zi1K1jaqqpDyEvjJjBTHJTrs3y8tXkbPwdcDX9j0Fg3OnPIvnrXunvYyhk8cs3oS/ri8LXSmwMys/avcO34i8imGigLgEfqvXG+xae6Nbpoz0AuethdkizAI6iZWGeUfPt9cdNKARZN04aAy4vFtZcEKjYRwtq21SBmdmbhUtv+leEnCHMiUW8veNB7o0DcqQfM9VNOQirY0prhTtQd/G+M9ODdPbqiqWdOZ root@localhost.localdomain",
                            "region": "RegionOne"
                        },
                        "meta": {},
                        "tainted": false
                    },
                    "deposed": [],
                    "provider": ""
                }
            },
            "depends_on": []
        }
    ]
}
